
Microsoft Visual Studio Solution File, Format Version 12.00
# Visual Studio Version 17
VisualStudioVersion = 17.3.32901.215
MinimumVisualStudioVersion = 10.0.40219.1
Project("{FAE04EC0-301F-11D3-BF4B-00C04F79EFBC}") = "hız", "hız\hız.csproj", "{851FAF6B-F12A-4FE2-937B-F0BD924061DC}"
EndProject
Global
	GlobalSection(SolutionConfigurationPlatforms) = preSolution
		Debug|Any CPU = Debug|Any CPU
		Release|Any CPU = Release|Any CPU
	EndGlobalSection
	GlobalSection(ProjectConfigurationPlatforms) = postSolution
		{851FAF6B-F12A-4FE2-937B-F0BD924061DC}.Debug|Any CPU.ActiveCfg = Debug|Any CPU
		{851FAF6B-F12A-4FE2-937B-F0BD924061DC}.Debug|Any CPU.Build.0 = Debug|Any CPU
		{851FAF6B-F12A-4FE2-937B-F0BD924061DC}.Release|Any CPU.ActiveCfg = Release|Any CPU
		{851FAF6B-F12A-4FE2-937B-F0BD924061DC}.Release|Any CPU.Build.0 = Release|Any CPU
	EndGlobalSection
	GlobalSection(SolutionProperties) = preSolution
		HideSolutionNode = FALSE
	EndGlobalSection
	GlobalSection(ExtensibilityGlobals) = postSolution
		SolutionGuid = {C753F9A3-7D32-4E2F-B56D-55646C5104D4}
	EndGlobalSection
EndGlobal
